
Microsoft Visual Studio Solution File, Format Version 12.00
# Visual Studio Version 17
VisualStudioVersion = 17.3.32929.385
MinimumVisualStudioVersion = 10.0.40219.1
Project("{888888A0-9F3D-457C-B088-3A5042F75D52}") = "Tic Tac Toe Game", "Tic Tac Toe Game.pyproj", "{69665F0F-C798-4771-A5A3-36D6747B2497}"
EndProject
Global
	GlobalSection(SolutionConfigurationPlatforms) = preSolution
		Debug|Any CPU = Debug|Any CPU
		Release|Any CPU = Release|Any CPU
	EndGlobalSection
	GlobalSection(ProjectConfigurationPlatforms) = postSolution
		{69665F0F-C798-4771-A5A3-36D6747B2497}.Debug|Any CPU.ActiveCfg = Debug|Any CPU
		{69665F0F-C798-4771-A5A3-36D6747B2497}.Release|Any CPU.ActiveCfg = Release|Any CPU
	EndGlobalSection
	GlobalSection(SolutionProperties) = preSolution
		HideSolutionNode = FALSE
	EndGlobalSection
	GlobalSection(ExtensibilityGlobals) = postSolution
		SolutionGuid = {3190E728-CD34-4AB9-ADEA-B295B0A3911E}
	EndGlobalSection
EndGlobal
